
Microsoft Visual Studio Solution File, Format Version 12.00
# Visual Studio Version 17
VisualStudioVersion = 17.14.36414.22 d17.14
MinimumVisualStudioVersion = 10.0.40219.1
Project("{FAE04EC0-301F-11D3-BF4B-00C04F79EFBC}") = "ServiceOrder", "ServiceOrder.csproj", "{8DC70343-4F34-4C95-BB0A-1C6217F531B3}"
EndProject
Global
	GlobalSection(SolutionConfigurationPlatforms) = preSolution
		Debug|Any CPU = Debug|Any CPU
		Release|Any CPU = Release|Any CPU
	EndGlobalSection
	GlobalSection(ProjectConfigurationPlatforms) = postSolution
		{8DC70343-4F34-4C95-BB0A-1C6217F531B3}.Debug|Any CPU.ActiveCfg = Debug|Any CPU
		{8DC70343-4F34-4C95-BB0A-1C6217F531B3}.Debug|Any CPU.Build.0 = Debug|Any CPU
		{8DC70343-4F34-4C95-BB0A-1C6217F531B3}.Release|Any CPU.ActiveCfg = Release|Any CPU
		{8DC70343-4F34-4C95-BB0A-1C6217F531B3}.Release|Any CPU.Build.0 = Release|Any CPU
	EndGlobalSection
	GlobalSection(SolutionProperties) = preSolution
		HideSolutionNode = FALSE
	EndGlobalSection
	GlobalSection(ExtensibilityGlobals) = postSolution
		SolutionGuid = {1BB09A09-3CE1-4747-8C16-4DD6492540BA}
	EndGlobalSection
EndGlobal
